
Microsoft Visual Studio Solution File, Format Version 12.00
# Visual Studio Version 16
VisualStudioVersion = 16.0.29418.71
MinimumVisualStudioVersion = 10.0.40219.1
Project("{FAE04EC0-301F-11D3-BF4B-00C04F79EFBC}") = "CrossPlatformPOCShowcase.UWP", "CrossPlatformPOCShowcase\CrossPlatformPOCShowcase.UWP\CrossPlatformPOCShowcase.UWP.csproj", "{7D624F8F-9DC6-4157-B2A3-55E1F8A69598}"
EndProject
Project("{FAE04EC0-301F-11D3-BF4B-00C04F79EFBC}") = "CrossPlatformPOCShowcase.Android", "CrossPlatformPOCShowcase\CrossPlatformPOCShowcase.Android\CrossPlatformPOCShowcase.Android.csproj", "{14106BA7-4916-428B-908F-1B330F12A891}"
EndProject
Project("{FAE04EC0-301F-11D3-BF4B-00C04F79EFBC}") = "CrossPlatformPOCShowcase.iOS", "CrossPlatformPOCShowcase\CrossPlatformPOCShowcase.iOS\CrossPlatformPOCShowcase.iOS.csproj", "{11C59B29-DEFA-4FE6-9A7C-5BE35F71B797}"
EndProject
Project("{9A19103F-16F7-4668-BE54-9A1E7A4F7556}") = "CrossPlatformPOCShowcase", "CrossPlatformPOCShowcase\CrossPlatformPOCShowcase\CrossPlatformPOCShowcase.csproj", "{9327AF92-84C8-4F41-9AD3-F753430256D1}"
EndProject
Project("{9A19103F-16F7-4668-BE54-9A1E7A4F7556}") = "CrossPlatformPOCShowcase.Core", "CrossPlatformPOCShowcase\CrossPlatformPOCShowcase.Core\CrossPlatformPOCShowcase.Core.csproj", "{94080F15-4532-4B7A-AAB9-C64A5DB734D2}"
EndProject
Project("{9A19103F-16F7-4668-BE54-9A1E7A4F7556}") = "CrossPlatformPOCShowcase.API", "CrossPlatformPOCShowcase\CrossPlatformPOCShowcase.API\CrossPlatformPOCShowcase.API.csproj", "{E7CA2B44-FB53-42CC-9457-871E9B2E5D1D}"
EndProject
Global
	GlobalSection(SolutionConfigurationPlatforms) = preSolution
		Debug|Any CPU = Debug|Any CPU
		Debug|ARM = Debug|ARM
		Debug|iPhone = Debug|iPhone
		Debug|iPhoneSimulator = Debug|iPhoneSimulator
		Debug|x64 = Debug|x64
		Debug|x86 = Debug|x86
		Release|Any CPU = Release|Any CPU
		Release|ARM = Release|ARM
		Release|iPhone = Release|iPhone
		Release|iPhoneSimulator = Release|iPhoneSimulator
		Release|x64 = Release|x64
		Release|x86 = Release|x86
	EndGlobalSection
	GlobalSection(ProjectConfigurationPlatforms) = postSolution
		{7D624F8F-9DC6-4157-B2A3-55E1F8A69598}.Debug|Any CPU.ActiveCfg = Debug|x86
		{7D624F8F-9DC6-4157-B2A3-55E1F8A69598}.Debug|Any CPU.Build.0 = Debug|x86
		{7D624F8F-9DC6-4157-B2A3-55E1F8A69598}.Debug|Any CPU.Deploy.0 = Debug|x86
		{7D624F8F-9DC6-4157-B2A3-55E1F8A69598}.Debug|ARM.ActiveCfg = Debug|ARM
		{7D624F8F-9DC6-4157-B2A3-55E1F8A69598}.Debug|ARM.Build.0 = Debug|ARM
		{7D624F8F-9DC6-4157-B2A3-55E1F8A69598}.Debug|ARM.Deploy.0 = Debug|ARM
		{7D624F8F-9DC6-4157-B2A3-55E1F8A69598}.Debug|iPhone.ActiveCfg = Debug|x86
		{7D624F8F-9DC6-4157-B2A3-55E1F8A69598}.Debug|iPhone.Build.0 = Debug|x86
		{7D624F8F-9DC6-4157-B2A3-55E1F8A69598}.Debug|iPhone.Deploy.0 = Debug|x86
		{7D624F8F-9DC6-4157-B2A3-55E1F8A69598}.Debug|iPhoneSimulator.ActiveCfg = Debug|x86
		{7D624F8F-9DC6-4157-B2A3-55E1F8A69598}.Debug|iPhoneSimulator.Build.0 = Debug|x86
		{7D624F8F-9DC6-4157-B2A3-55E1F8A69598}.Debug|iPhoneSimulator.Deploy.0 = Debug|x86
		{7D624F8F-9DC6-4157-B2A3-55E1F8A69598}.Debug|x64.ActiveCfg = Debug|x64
		{7D624F8F-9DC6-4157-B2A3-55E1F8A69598}.Debug|x64.Build.0 = Debug|x64
		{7D624F8F-9DC6-4157-B2A3-55E1F8A69598}.Debug|x64.Deploy.0 = Debug|x64
		{7D624F8F-9DC6-4157-B2A3-55E1F8A69598}.Debug|x86.ActiveCfg = Debug|x86
		{7D624F8F-9DC6-4157-B2A3-55E1F8A69598}.Debug|x86.Build.0 = Debug|x86
		{7D624F8F-9DC6-4157-B2A3-55E1F8A69598}.Debug|x86.Deploy.0 = Debug|x86
		{7D624F8F-9DC6-4157-B2A3-55E1F8A69598}.Release|Any CPU.ActiveCfg = Release|x86
		{7D624F8F-9DC6-4157-B2A3-55E1F8A69598}.Release|Any CPU.Build.0 = Release|x86
		{7D624F8F-9DC6-4157-B2A3-55E1F8A69598}.Release|Any CPU.Deploy.0 = Release|x86
		{7D624F8F-9DC6-4157-B2A3-55E1F8A69598}.Release|ARM.ActiveCfg = Release|ARM
		{7D624F8F-9DC6-4157-B2A3-55E1F8A69598}.Release|ARM.Build.0 = Release|ARM
		{7D624F8F-9DC6-4157-B2A3-55E1F8A69598}.Release|ARM.Deploy.0 = Release|ARM
		{7D624F8F-9DC6-4157-B2A3-55E1F8A69598}.Release|iPhone.ActiveCfg = Release|x86
		{7D624F8F-9DC6-4157-B2A3-55E1F8A69598}.Release|iPhone.Build.0 = Release|x86
		{7D624F8F-9DC6-4157-B2A3-55E1F8A69598}.Release|iPhone.Deploy.0 = Release|x86
		{7D624F8F-9DC6-4157-B2A3-55E1F8A69598}.Release|iPhoneSimulator.ActiveCfg = Release|x86
		{7D624F8F-9DC6-4157-B2A3-55E1F8A69598}.Release|iPhoneSimulator.Build.0 = Release|x86
		{7D624F8F-9DC6-4157-B2A3-55E1F8A69598}.Release|iPhoneSimulator.Deploy.0 = Release|x86
		{7D624F8F-9DC6-4157-B2A3-55E1F8A69598}.Release|x64.ActiveCfg = Release|x64
		{7D624F8F-9DC6-4157-B2A3-55E1F8A69598}.Release|x64.Build.0 = Release|x64
		{7D624F8F-9DC6-4157-B2A3-55E1F8A69598}.Release|x64.Deploy.0 = Release|x64
		{7D624F8F-9DC6-4157-B2A3-55E1F8A69598}.Release|x86.ActiveCfg = Release|x86
		{7D624F8F-9DC6-4157-B2A3-55E1F8A69598}.Release|x86.Build.0 = Release|x86
		{7D624F8F-9DC6-4157-B2A3-55E1F8A69598}.Release|x86.Deploy.0 = Release|x86
		{14106BA7-4916-428B-908F-1B330F12A891}.Debug|Any CPU.ActiveCfg = Debug|Any CPU
		{14106BA7-4916-428B-908F-1B330F12A891}.Debug|Any CPU.Build.0 = Debug|Any CPU
		{14106BA7-4916-428B-908F-1B330F12A891}.Debug|Any CPU.Deploy.0 = Debug|Any CPU
		{14106BA7-4916-428B-908F-1B330F12A891}.Debug|ARM.ActiveCfg = Debug|Any CPU
		{14106BA7-4916-428B-908F-1B330F12A891}.Debug|ARM.Build.0 = Debug|Any CPU
		{14106BA7-4916-428B-908F-1B330F12A891}.Debug|ARM.Deploy.0 = Debug|Any CPU
		{14106BA7-4916-428B-908F-1B330F12A891}.Debug|iPhone.ActiveCfg = Debug|Any CPU
		{14106BA7-4916-428B-908F-1B330F12A891}.Debug|iPhone.Build.0 = Debug|Any CPU
		{14106BA7-4916-428B-908F-1B330F12A891}.Debug|iPhone.Deploy.0 = Debug|Any CPU
		{14106BA7-4916-428B-908F-1B330F12A891}.Debug|iPhoneSimulator.ActiveCfg = Debug|Any CPU
		{14106BA7-4916-428B-908F-1B330F12A891}.Debug|iPhoneSimulator.Build.0 = Debug|Any CPU
		{14106BA7-4916-428B-908F-1B330F12A891}.Debug|iPhoneSimulator.Deploy.0 = Debug|Any CPU
		{14106BA7-4916-428B-908F-1B330F12A891}.Debug|x64.ActiveCfg = Debug|Any CPU
		{14106BA7-4916-428B-908F-1B330F12A891}.Debug|x64.Build.0 = Debug|Any CPU
		{14106BA7-4916-428B-908F-1B330F12A891}.Debug|x64.Deploy.0 = Debug|Any CPU
		{14106BA7-4916-428B-908F-1B330F12A891}.Debug|x86.ActiveCfg = Debug|Any CPU
		{14106BA7-4916-428B-908F-1B330F12A891}.Debug|x86.Build.0 = Debug|Any CPU
		{14106BA7-4916-428B-908F-1B330F12A891}.Debug|x86.Deploy.0 = Debug|Any CPU
		{14106BA7-4916-428B-908F-1B330F12A891}.Release|Any CPU.ActiveCfg = Release|Any CPU
		{14106BA7-4916-428B-908F-1B330F12A891}.Release|Any CPU.Build.0 = Release|Any CPU
		{14106BA7-4916-428B-908F-1B330F12A891}.Release|Any CPU.Deploy.0 = Release|Any CPU
		{14106BA7-4916-428B-908F-1B330F12A891}.Release|ARM.ActiveCfg = Release|Any CPU
		{14106BA7-4916-428B-908F-1B330F12A891}.Release|ARM.Build.0 = Release|Any CPU
		{14106BA7-4916-428B-908F-1B330F12A891}.Release|ARM.Deploy.0 = Release|Any CPU
		{14106BA7-4916-428B-908F-1B330F12A891}.Release|iPhone.ActiveCfg = Release|Any CPU
		{14106BA7-4916-428B-908F-1B330F12A891}.Release|iPhone.Build.0 = Release|Any CPU
		{14106BA7-4916-428B-908F-1B330F12A891}.Release|iPhone.Deploy.0 = Release|Any CPU
		{14106BA7-4916-428B-908F-1B330F12A891}.Release|iPhoneSimulator.ActiveCfg = Release|Any CPU
		{14106BA7-4916-428B-908F-1B330F12A891}.Release|iPhoneSimulator.Build.0 = Release|Any CPU
		{14106BA7-4916-428B-908F-1B330F12A891}.Release|iPhoneSimulator.Deploy.0 = Release|Any CPU
		{14106BA7-4916-428B-908F-1B330F12A891}.Release|x64.ActiveCfg = Release|Any CPU
		{14106BA7-4916-428B-908F-1B330F12A891}.Release|x64.Build.0 = Release|Any CPU
		{14106BA7-4916-428B-908F-1B330F12A891}.Release|x64.Deploy.0 = Release|Any CPU
		{14106BA7-4916-428B-908F-1B330F12A891}.Release|x86.ActiveCfg = Release|Any CPU
		{14106BA7-4916-428B-908F-1B330F12A891}.Release|x86.Build.0 = Release|Any CPU
		{14106BA7-4916-428B-908F-1B330F12A891}.Release|x86.Deploy.0 = Release|Any CPU
		{11C59B29-DEFA-4FE6-9A7C-5BE35F71B797}.Debug|Any CPU.ActiveCfg = Debug|iPhone
		{11C59B29-DEFA-4FE6-9A7C-5BE35F71B797}.Debug|Any CPU.Build.0 = Debug|iPhone
		{11C59B29-DEFA-4FE6-9A7C-5BE35F71B797}.Debug|Any CPU.Deploy.0 = Debug|iPhone
		{11C59B29-DEFA-4FE6-9A7C-5BE35F71B797}.Debug|ARM.ActiveCfg = Debug|iPhoneSimulator
		{11C59B29-DEFA-4FE6-9A7C-5BE35F71B797}.Debug|ARM.Build.0 = Debug|iPhoneSimulator
		{11C59B29-DEFA-4FE6-9A7C-5BE35F71B797}.Debug|ARM.Deploy.0 = Debug|iPhoneSimulator
		{11C59B29-DEFA-4FE6-9A7C-5BE35F71B797}.Debug|iPhone.ActiveCfg = Debug|iPhone
		{11C59B29-DEFA-4FE6-9A7C-5BE35F71B797}.Debug|iPhone.Build.0 = Debug|iPhone
		{11C59B29-DEFA-4FE6-9A7C-5BE35F71B797}.Debug|iPhone.Deploy.0 = Debug|iPhone
		{11C59B29-DEFA-4FE6-9A7C-5BE35F71B797}.Debug|iPhoneSimulator.ActiveCfg = Debug|iPhoneSimulator
		{11C59B29-DEFA-4FE6-9A7C-5BE35F71B797}.Debug|iPhoneSimulator.Build.0 = Debug|iPhoneSimulator
		{11C59B29-DEFA-4FE6-9A7C-5BE35F71B797}.Debug|iPhoneSimulator.Deploy.0 = Debug|iPhoneSimulator
		{11C59B29-DEFA-4FE6-9A7C-5BE35F71B797}.Debug|x64.ActiveCfg = Debug|iPhone
		{11C59B29-DEFA-4FE6-9A7C-5BE35F71B797}.Debug|x64.Build.0 = Debug|iPhone
		{11C59B29-DEFA-4FE6-9A7C-5BE35F71B797}.Debug|x64.Deploy.0 = Debug|iPhone
		{11C59B29-DEFA-4FE6-9A7C-5BE35F71B797}.Debug|x86.ActiveCfg = Debug|iPhone
		{11C59B29-DEFA-4FE6-9A7C-5BE35F71B797}.Debug|x86.Build.0 = Debug|iPhone
		{11C59B29-DEFA-4FE6-9A7C-5BE35F71B797}.Debug|x86.Deploy.0 = Debug|iPhone
		{11C59B29-DEFA-4FE6-9A7C-5BE35F71B797}.Release|Any CPU.ActiveCfg = Release|iPhone
		{11C59B29-DEFA-4FE6-9A7C-5BE35F71B797}.Release|Any CPU.Build.0 = Release|iPhone
		{11C59B29-DEFA-4FE6-9A7C-5BE35F71B797}.Release|Any CPU.Deploy.0 = Release|iPhone
		{11C59B29-DEFA-4FE6-9A7C-5BE35F71B797}.Release|ARM.ActiveCfg = Release|iPhone
		{11C59B29-DEFA-4FE6-9A7C-5BE35F71B797}.Release|ARM.Build.0 = Release|iPhone
		{11C59B29-DEFA-4FE6-9A7C-5BE35F71B797}.Release|ARM.Deploy.0 = Release|iPhone
		{11C59B29-DEFA-4FE6-9A7C-5BE35F71B797}.Release|iPhone.ActiveCfg = Release|iPhone
		{11C59B29-DEFA-4FE6-9A7C-5BE35F71B797}.Release|iPhone.Build.0 = Release|iPhone
		{11C59B29-DEFA-4FE6-9A7C-5BE35F71B797}.Release|iPhone.Deploy.0 = Release|iPhone
		{11C59B29-DEFA-4FE6-9A7C-5BE35F71B797}.Release|iPhoneSimulator.ActiveCfg = Release|iPhoneSimulator
		{11C59B29-DEFA-4FE6-9A7C-5BE35F71B797}.Release|iPhoneSimulator.Build.0 = Release|iPhoneSimulator
		{11C59B29-DEFA-4FE6-9A7C-5BE35F71B797}.Release|iPhoneSimulator.Deploy.0 = Release|iPhoneSimulator
		{11C59B29-DEFA-4FE6-9A7C-5BE35F71B797}.Release|x64.ActiveCfg = Release|iPhone
		{11C59B29-DEFA-4FE6-9A7C-5BE35F71B797}.Release|x64.Build.0 = Release|iPhone
		{11C59B29-DEFA-4FE6-9A7C-5BE35F71B797}.Release|x64.Deploy.0 = Release|iPhone
		{11C59B29-DEFA-4FE6-9A7C-5BE35F71B797}.Release|x86.ActiveCfg = Release|iPhone
		{11C59B29-DEFA-4FE6-9A7C-5BE35F71B797}.Release|x86.Build.0 = Release|iPhone
		{11C59B29-DEFA-4FE6-9A7C-5BE35F71B797}.Release|x86.Deploy.0 = Release|iPhone
		{9327AF92-84C8-4F41-9AD3-F753430256D1}.Debug|Any CPU.ActiveCfg = Debug|Any CPU
		{9327AF92-84C8-4F41-9AD3-F753430256D1}.Debug|Any CPU.Build.0 = Debug|Any CPU
		{9327AF92-84C8-4F41-9AD3-F753430256D1}.Debug|Any CPU.Deploy.0 = Debug|Any CPU
		{9327AF92-84C8-4F41-9AD3-F753430256D1}.Debug|ARM.ActiveCfg = Debug|Any CPU
		{9327AF92-84C8-4F41-9AD3-F753430256D1}.Debug|ARM.Build.0 = Debug|Any CPU
		{9327AF92-84C8-4F41-9AD3-F753430256D1}.Debug|ARM.Deploy.0 = Debug|Any CPU
		{9327AF92-84C8-4F41-9AD3-F753430256D1}.Debug|iPhone.ActiveCfg = Debug|Any CPU
		{9327AF92-84C8-4F41-9AD3-F753430256D1}.Debug|iPhone.Build.0 = Debug|Any CPU
		{9327AF92-84C8-4F41-9AD3-F753430256D1}.Debug|iPhone.Deploy.0 = Debug|Any CPU
		{9327AF92-84C8-4F41-9AD3-F753430256D1}.Debug|iPhoneSimulator.ActiveCfg = Debug|Any CPU
		{9327AF92-84C8-4F41-9AD3-F753430256D1}.Debug|iPhoneSimulator.Build.0 = Debug|Any CPU
		{9327AF92-84C8-4F41-9AD3-F753430256D1}.Debug|iPhoneSimulator.Deploy.0 = Debug|Any CPU
		{9327AF92-84C8-4F41-9AD3-F753430256D1}.Debug|x64.ActiveCfg = Debug|Any CPU
		{9327AF92-84C8-4F41-9AD3-F753430256D1}.Debug|x64.Build.0 = Debug|Any CPU
		{9327AF92-84C8-4F41-9AD3-F753430256D1}.Debug|x64.Deploy.0 = Debug|Any CPU
		{9327AF92-84C8-4F41-9AD3-F753430256D1}.Debug|x86.ActiveCfg = Debug|Any CPU
		{9327AF92-84C8-4F41-9AD3-F753430256D1}.Debug|x86.Build.0 = Debug|Any CPU
		{9327AF92-84C8-4F41-9AD3-F753430256D1}.Debug|x86.Deploy.0 = Debug|Any CPU
		{9327AF92-84C8-4F41-9AD3-F753430256D1}.Release|Any CPU.ActiveCfg = Release|Any CPU
		{9327AF92-84C8-4F41-9AD3-F753430256D1}.Release|Any CPU.Build.0 = Release|Any CPU
		{9327AF92-84C8-4F41-9AD3-F753430256D1}.Release|Any CPU.Deploy.0 = Release|Any CPU
		{9327AF92-84C8-4F41-9AD3-F753430256D1}.Release|ARM.ActiveCfg = Release|Any CPU
		{9327AF92-84C8-4F41-9AD3-F753430256D1}.Release|ARM.Build.0 = Release|Any CPU
		{9327AF92-84C8-4F41-9AD3-F753430256D1}.Release|ARM.Deploy.0 = Release|Any CPU
		{9327AF92-84C8-4F41-9AD3-F753430256D1}.Release|iPhone.ActiveCfg = Release|Any CPU
		{9327AF92-84C8-4F41-9AD3-F753430256D1}.Release|iPhone.Build.0 = Release|Any CPU
		{9327AF92-84C8-4F41-9AD3-F753430256D1}.Release|iPhone.Deploy.0 = Release|Any CPU
		{9327AF92-84C8-4F41-9AD3-F753430256D1}.Release|iPhoneSimulator.ActiveCfg = Release|Any CPU
		{9327AF92-84C8-4F41-9AD3-F753430256D1}.Release|iPhoneSimulator.Build.0 = Release|Any CPU
		{9327AF92-84C8-4F41-9AD3-F753430256D1}.Release|iPhoneSimulator.Deploy.0 = Release|Any CPU
		{9327AF92-84C8-4F41-9AD3-F753430256D1}.Release|x64.ActiveCfg = Release|Any CPU
		{9327AF92-84C8-4F41-9AD3-F753430256D1}.Release|x64.Build.0 = Release|Any CPU
		{9327AF92-84C8-4F41-9AD3-F753430256D1}.Release|x64.Deploy.0 = Release|Any CPU
		{9327AF92-84C8-4F41-9AD3-F753430256D1}.Release|x86.ActiveCfg = Release|Any CPU
		{9327AF92-84C8-4F41-9AD3-F753430256D1}.Release|x86.Build.0 = Release|Any CPU
		{9327AF92-84C8-4F41-9AD3-F753430256D1}.Release|x86.Deploy.0 = Release|Any CPU
		{94080F15-4532-4B7A-AAB9-C64A5DB734D2}.Debug|Any CPU.ActiveCfg = Debug|Any CPU
		{94080F15-4532-4B7A-AAB9-C64A5DB734D2}.Debug|Any CPU.Build.0 = Debug|Any CPU
		{94080F15-4532-4B7A-AAB9-C64A5DB734D2}.Debug|ARM.ActiveCfg = Debug|Any CPU
		{94080F15-4532-4B7A-AAB9-C64A5DB734D2}.Debug|ARM.Build.0 = Debug|Any CPU
		{94080F15-4532-4B7A-AAB9-C64A5DB734D2}.Debug|iPhone.ActiveCfg = Debug|Any CPU
		{94080F15-4532-4B7A-AAB9-C64A5DB734D2}.Debug|iPhone.Build.0 = Debug|Any CPU
		{94080F15-4532-4B7A-AAB9-C64A5DB734D2}.Debug|iPhoneSimulator.ActiveCfg = Debug|Any CPU
		{94080F15-4532-4B7A-AAB9-C64A5DB734D2}.Debug|iPhoneSimulator.Build.0 = Debug|Any CPU
		{94080F15-4532-4B7A-AAB9-C64A5DB734D2}.Debug|x64.ActiveCfg = Debug|Any CPU
		{94080F15-4532-4B7A-AAB9-C64A5DB734D2}.Debug|x64.Build.0 = Debug|Any CPU
		{94080F15-4532-4B7A-AAB9-C64A5DB734D2}.Debug|x86.ActiveCfg = Debug|Any CPU
		{94080F15-4532-4B7A-AAB9-C64A5DB734D2}.Debug|x86.Build.0 = Debug|Any CPU
		{94080F15-4532-4B7A-AAB9-C64A5DB734D2}.Release|Any CPU.ActiveCfg = Release|Any CPU
		{94080F15-4532-4B7A-AAB9-C64A5DB734D2}.Release|Any CPU.Build.0 = Release|Any CPU
		{94080F15-4532-4B7A-AAB9-C64A5DB734D2}.Release|ARM.ActiveCfg = Release|Any CPU
		{94080F15-4532-4B7A-AAB9-C64A5DB734D2}.Release|ARM.Build.0 = Release|Any CPU
		{94080F15-4532-4B7A-AAB9-C64A5DB734D2}.Release|iPhone.ActiveCfg = Release|Any CPU
		{94080F15-4532-4B7A-AAB9-C64A5DB734D2}.Release|iPhone.Build.0 = Release|Any CPU
		{94080F15-4532-4B7A-AAB9-C64A5DB734D2}.Release|iPhoneSimulator.ActiveCfg = Release|Any CPU
		{94080F15-4532-4B7A-AAB9-C64A5DB734D2}.Release|iPhoneSimulator.Build.0 = Release|Any CPU
		{94080F15-4532-4B7A-AAB9-C64A5DB734D2}.Release|x64.ActiveCfg = Release|Any CPU
		{94080F15-4532-4B7A-AAB9-C64A5DB734D2}.Release|x64.Build.0 = Release|Any CPU
		{94080F15-4532-4B7A-AAB9-C64A5DB734D2}.Release|x86.ActiveCfg = Release|Any CPU
		{94080F15-4532-4B7A-AAB9-C64A5DB734D2}.Release|x86.Build.0 = Release|Any CPU
		{E7CA2B44-FB53-42CC-9457-871E9B2E5D1D}.Debug|Any CPU.ActiveCfg = Debug|Any CPU
		{E7CA2B44-FB53-42CC-9457-871E9B2E5D1D}.Debug|Any CPU.Build.0 = Debug|Any CPU
		{E7CA2B44-FB53-42CC-9457-871E9B2E5D1D}.Debug|ARM.ActiveCfg = Debug|Any CPU
		{E7CA2B44-FB53-42CC-9457-871E9B2E5D1D}.Debug|ARM.Build.0 = Debug|Any CPU
		{E7CA2B44-FB53-42CC-9457-871E9B2E5D1D}.Debug|iPhone.ActiveCfg = Debug|Any CPU
		{E7CA2B44-FB53-42CC-9457-871E9B2E5D1D}.Debug|iPhone.Build.0 = Debug|Any CPU
		{E7CA2B44-FB53-42CC-9457-871E9B2E5D1D}.Debug|iPhoneSimulator.ActiveCfg = Debug|Any CPU
		{E7CA2B44-FB53-42CC-9457-871E9B2E5D1D}.Debug|iPhoneSimulator.Build.0 = Debug|Any CPU
		{E7CA2B44-FB53-42CC-9457-871E9B2E5D1D}.Debug|x64.ActiveCfg = Debug|Any CPU
		{E7CA2B44-FB53-42CC-9457-871E9B2E5D1D}.Debug|x64.Build.0 = Debug|Any CPU
		{E7CA2B44-FB53-42CC-9457-871E9B2E5D1D}.Debug|x86.ActiveCfg = Debug|Any CPU
		{E7CA2B44-FB53-42CC-9457-871E9B2E5D1D}.Debug|x86.Build.0 = Debug|Any CPU
		{E7CA2B44-FB53-42CC-9457-871E9B2E5D1D}.Release|Any CPU.ActiveCfg = Release|Any CPU
		{E7CA2B44-FB53-42CC-9457-871E9B2E5D1D}.Release|Any CPU.Build.0 = Release|Any CPU
		{E7CA2B44-FB53-42CC-9457-871E9B2E5D1D}.Release|ARM.ActiveCfg = Release|Any CPU
		{E7CA2B44-FB53-42CC-9457-871E9B2E5D1D}.Release|ARM.Build.0 = Release|Any CPU
		{E7CA2B44-FB53-42CC-9457-871E9B2E5D1D}.Release|iPhone.ActiveCfg = Release|Any CPU
		{E7CA2B44-FB53-42CC-9457-871E9B2E5D1D}.Release|iPhone.Build.0 = Release|Any CPU
		{E7CA2B44-FB53-42CC-9457-871E9B2E5D1D}.Release|iPhoneSimulator.ActiveCfg = Release|Any CPU
		{E7CA2B44-FB53-42CC-9457-871E9B2E5D1D}.Release|iPhoneSimulator.Build.0 = Release|Any CPU
		{E7CA2B44-FB53-42CC-9457-871E9B2E5D1D}.Release|x64.ActiveCfg = Release|Any CPU
		{E7CA2B44-FB53-42CC-9457-871E9B2E5D1D}.Release|x64.Build.0 = Release|Any CPU
		{E7CA2B44-FB53-42CC-9457-871E9B2E5D1D}.Release|x86.ActiveCfg = Release|Any CPU
		{E7CA2B44-FB53-42CC-9457-871E9B2E5D1D}.Release|x86.Build.0 = Release|Any CPU
	EndGlobalSection
	GlobalSection(SolutionProperties) = preSolution
		HideSolutionNode = FALSE
	EndGlobalSection
	GlobalSection(ExtensibilityGlobals) = postSolution
		SolutionGuid = {8BB26A63-85B2-492D-838A-D07422E3CEE6}
	EndGlobalSection
EndGlobal
